{
  "version": 4,
  "terraform_version": "1.5.6",
  "serial": 41,
  "lineage": "9048908b-6813-63cd-7b1c-034dacf0e091",
  "outputs": {},
  "resources": [
    {
      "mode": "data",
      "type": "azurerm_client_config",
      "name": "current",
      "provider": "provider[\"registry.terraform.io/hashicorp/azurerm\"]",
      "instances": [
        {
          "schema_version": 0,
          "attributes": {
            "client_id": "04b07795-8ddb-461a-bbee-02f9e1bf7b46",
            "id": "Y2xpZW50Q29uZmlncy9jbGllbnRJZD0wNGIwNzc5NS04ZGRiLTQ2MWEtYmJlZS0wMmY5ZTFiZjdiNDY7b2JqZWN0SWQ9ZmI1YWI4NTUtYTI5MS00YzFjLWFmMDYtZjUwNDQ2MGY2ZDJhO3N1YnNjcmlwdGlvbklkPTY1Njg0ZjJhLTAxZTItNDQzZi04NzYzLTM5MDQ3ZDJhOTY1Yjt0ZW5hbnRJZD0zM2RhOWYzZi00YzFhLTQ2NDAtOGNlMS0zZjYzMDI0YWVhMWQ=",
            "object_id": "fb5ab855-a291-4c1c-af06-f504460f6d2a",
            "subscription_id": "65684f2a-01e2-443f-8763-39047d2a965b",
            "tenant_id": "33da9f3f-4c1a-4640-8ce1-3f63024aea1d",
            "timeouts": null
          },
          "sensitive_attributes": []
        }
      ]
    },
    {
      "mode": "data",
      "type": "azurerm_mysql_flexible_server",
      "name": "database",
      "provider": "provider[\"registry.terraform.io/hashicorp/azurerm\"]",
      "instances": [
        {
          "schema_version": 0,
          "attributes": {
            "administrator_login": "bjgomes",
            "backup_retention_days": 7,
            "delegated_subnet_id": "",
            "fqdn": "conoco-project2.mysql.database.azure.com",
            "geo_redundant_backup_enabled": false,
            "high_availability": [],
            "id": "/subscriptions/65684f2a-01e2-443f-8763-39047d2a965b/resourceGroups/database/providers/Microsoft.DBforMySQL/flexibleServers/conoco-project2",
            "location": "eastus",
            "maintenance_window": [],
            "name": "conoco-project2",
            "private_dns_zone_id": "",
            "public_network_access_enabled": true,
            "replica_capacity": 10,
            "replication_role": "None",
            "resource_group_name": "database",
            "restore_point_in_time": null,
            "sku_name": "B_Standard_B1ms",
            "storage": [
              {
                "auto_grow_enabled": true,
                "io_scaling_enabled": true,
                "iops": 360,
                "size_gb": 20
              }
            ],
            "tags": {},
            "timeouts": null,
            "version": "8.0.21",
            "zone": "3"
          },
          "sensitive_attributes": []
        }
      ]
    },
    {
      "mode": "data",
      "type": "azurerm_resource_group",
      "name": "database",
      "provider": "provider[\"registry.terraform.io/hashicorp/azurerm\"]",
      "instances": [
        {
          "schema_version": 0,
          "attributes": {
            "id": "/subscriptions/65684f2a-01e2-443f-8763-39047d2a965b/resourceGroups/database",
            "location": "eastus",
            "managed_by": "",
            "name": "database",
            "tags": {},
            "timeouts": null
          },
          "sensitive_attributes": []
        }
      ]
    },
    {
      "mode": "managed",
      "type": "azurerm_cdn_frontdoor_endpoint",
      "name": "sillkFDEndpoint",
      "provider": "provider[\"registry.terraform.io/hashicorp/azurerm\"]",
      "instances": [
        {
          "schema_version": 0,
          "attributes": {
            "cdn_frontdoor_profile_id": "/subscriptions/65684f2a-01e2-443f-8763-39047d2a965b/resourceGroups/SiLLK/providers/Microsoft.Cdn/profiles/sillkFDProfile",
            "enabled": true,
            "host_name": "sillkFDEndpoint-e0embwakfxeedycs.z01.azurefd.net",
            "id": "/subscriptions/65684f2a-01e2-443f-8763-39047d2a965b/resourceGroups/SiLLK/providers/Microsoft.Cdn/profiles/sillkFDProfile/afdEndpoints/sillkFDEndpoint",
            "name": "sillkFDEndpoint",
            "tags": {},
            "timeouts": null
          },
          "sensitive_attributes": [],
          "private": "eyJlMmJmYjczMC1lY2FhLTExZTYtOGY4OC0zNDM2M2JjN2M0YzAiOnsiY3JlYXRlIjoxODAwMDAwMDAwMDAwLCJkZWxldGUiOjE4MDAwMDAwMDAwMDAsInJlYWQiOjMwMDAwMDAwMDAwMCwidXBkYXRlIjoxODAwMDAwMDAwMDAwfX0=",
          "dependencies": [
            "azurerm_cdn_frontdoor_profile.sillkFDProfile",
            "azurerm_resource_group.SiLLK"
          ]
        }
      ]
    },
    {
      "mode": "managed",
      "type": "azurerm_cdn_frontdoor_firewall_policy",
      "name": "sillkWAFpolicy",
      "provider": "provider[\"registry.terraform.io/hashicorp/azurerm\"]",
      "instances": [
        {
          "schema_version": 0,
          "attributes": {
            "custom_block_response_body": "PGh0bWw+CjxoZWFkZXI+PHRpdGxlPkhlbGxvPC90aXRsZT48L2hlYWRlcj4KPGJvZHk+CkhlbGxvIHdvcmxkCjwvYm9keT4KPC9odG1sPg==",
            "custom_block_response_status_code": 403,
            "custom_rule": [
              {
                "action": "Allow",
                "enabled": true,
                "match_condition": [
                  {
                    "match_values": [
                      "0.0.0.0/0"
                    ],
                    "match_variable": "RemoteAddr",
                    "negation_condition": false,
                    "operator": "IPMatch",
                    "selector": "",
                    "transforms": []
                  }
                ],
                "name": "sillkrule1",
                "priority": 1,
                "rate_limit_duration_in_minutes": 1,
                "rate_limit_threshold": 10,
                "type": "MatchRule"
              }
            ],
            "enabled": true,
            "frontend_endpoint_ids": [],
            "id": "/subscriptions/65684f2a-01e2-443f-8763-39047d2a965b/resourceGroups/SiLLK/providers/Microsoft.Network/frontDoorWebApplicationFirewallPolicies/sillkWAFpolicy",
            "managed_rule": [],
            "mode": "Prevention",
            "name": "sillkWAFpolicy",
            "redirect_url": "",
            "resource_group_name": "SiLLK",
            "sku_name": "Premium_AzureFrontDoor",
            "tags": {},
            "timeouts": null
          },
          "sensitive_attributes": [],
          "private": "eyJlMmJmYjczMC1lY2FhLTExZTYtOGY4OC0zNDM2M2JjN2M0YzAiOnsiY3JlYXRlIjoxODAwMDAwMDAwMDAwLCJkZWxldGUiOjE4MDAwMDAwMDAwMDAsInJlYWQiOjMwMDAwMDAwMDAwMCwidXBkYXRlIjoxODAwMDAwMDAwMDAwfX0=",
          "dependencies": [
            "azurerm_cdn_frontdoor_profile.sillkFDProfile",
            "azurerm_public_ip.publicIP",
            "azurerm_resource_group.SiLLK"
          ]
        }
      ]
    },
    {
      "mode": "managed",
      "type": "azurerm_cdn_frontdoor_origin",
      "name": "LBOrigin",
      "provider": "provider[\"registry.terraform.io/hashicorp/azurerm\"]",
      "instances": [
        {
          "schema_version": 0,
          "attributes": {
            "cdn_frontdoor_origin_group_id": "/subscriptions/65684f2a-01e2-443f-8763-39047d2a965b/resourceGroups/SiLLK/providers/Microsoft.Cdn/profiles/sillkFDProfile/originGroups/originGroup",
            "certificate_name_check_enabled": false,
            "enabled": true,
            "health_probes_enabled": true,
            "host_name": "20.102.83.43",
            "http_port": 80,
            "https_port": 443,
            "id": "/subscriptions/65684f2a-01e2-443f-8763-39047d2a965b/resourceGroups/SiLLK/providers/Microsoft.Cdn/profiles/sillkFDProfile/originGroups/originGroup/origins/LBOrigin",
            "name": "LBOrigin",
            "origin_host_header": "",
            "priority": 1,
            "private_link": [],
            "timeouts": null,
            "weight": 1000
          },
          "sensitive_attributes": [],
          "private": "eyJlMmJmYjczMC1lY2FhLTExZTYtOGY4OC0zNDM2M2JjN2M0YzAiOnsiY3JlYXRlIjoxODAwMDAwMDAwMDAwLCJkZWxldGUiOjE4MDAwMDAwMDAwMDAsInJlYWQiOjMwMDAwMDAwMDAwMCwidXBkYXRlIjoxODAwMDAwMDAwMDAwfX0=",
          "dependencies": [
            "azurerm_cdn_frontdoor_origin_group.originGroup",
            "azurerm_cdn_frontdoor_profile.sillkFDProfile",
            "azurerm_public_ip.publicIP",
            "azurerm_resource_group.SiLLK"
          ]
        }
      ]
    },
    {
      "mode": "managed",
      "type": "azurerm_cdn_frontdoor_origin_group",
      "name": "originGroup",
      "provider": "provider[\"registry.terraform.io/hashicorp/azurerm\"]",
      "instances": [
        {
          "schema_version": 0,
          "attributes": {
            "cdn_frontdoor_profile_id": "/subscriptions/65684f2a-01e2-443f-8763-39047d2a965b/resourceGroups/SiLLK/providers/Microsoft.Cdn/profiles/sillkFDProfile",
            "health_probe": [],
            "id": "/subscriptions/65684f2a-01e2-443f-8763-39047d2a965b/resourceGroups/SiLLK/providers/Microsoft.Cdn/profiles/sillkFDProfile/originGroups/originGroup",
            "load_balancing": [
              {
                "additional_latency_in_milliseconds": 0,
                "sample_size": 16,
                "successful_samples_required": 3
              }
            ],
            "name": "originGroup",
            "restore_traffic_time_to_healed_or_new_endpoint_in_minutes": 10,
            "session_affinity_enabled": true,
            "timeouts": null
          },
          "sensitive_attributes": [],
          "private": "eyJlMmJmYjczMC1lY2FhLTExZTYtOGY4OC0zNDM2M2JjN2M0YzAiOnsiY3JlYXRlIjoxODAwMDAwMDAwMDAwLCJkZWxldGUiOjE4MDAwMDAwMDAwMDAsInJlYWQiOjMwMDAwMDAwMDAwMCwidXBkYXRlIjoxODAwMDAwMDAwMDAwfX0=",
          "dependencies": [
            "azurerm_cdn_frontdoor_profile.sillkFDProfile",
            "azurerm_resource_group.SiLLK"
          ]
        }
      ]
    },
    {
      "mode": "managed",
      "type": "azurerm_cdn_frontdoor_profile",
      "name": "sillkFDProfile",
      "provider": "provider[\"registry.terraform.io/hashicorp/azurerm\"]",
      "instances": [
        {
          "schema_version": 0,
          "attributes": {
            "id": "/subscriptions/65684f2a-01e2-443f-8763-39047d2a965b/resourceGroups/SiLLK/providers/Microsoft.Cdn/profiles/sillkFDProfile",
            "name": "sillkFDProfile",
            "resource_group_name": "SiLLK",
            "resource_guid": "007f69c9-6e3e-470f-986b-ec2b1bf05291",
            "response_timeout_seconds": 120,
            "sku_name": "Premium_AzureFrontDoor",
            "tags": {},
            "timeouts": null
          },
          "sensitive_attributes": [],
          "private": "eyJlMmJmYjczMC1lY2FhLTExZTYtOGY4OC0zNDM2M2JjN2M0YzAiOnsiY3JlYXRlIjoxODAwMDAwMDAwMDAwLCJkZWxldGUiOjE4MDAwMDAwMDAwMDAsInJlYWQiOjMwMDAwMDAwMDAwMCwidXBkYXRlIjoxODAwMDAwMDAwMDAwfX0=",
          "dependencies": [
            "azurerm_resource_group.SiLLK"
          ]
        }
      ]
    },
    {
      "mode": "managed",
      "type": "azurerm_cdn_frontdoor_route",
      "name": "route",
      "provider": "provider[\"registry.terraform.io/hashicorp/azurerm\"]",
      "instances": [
        {
          "schema_version": 0,
          "attributes": {
            "cache": [],
            "cdn_frontdoor_custom_domain_ids": [],
            "cdn_frontdoor_endpoint_id": "/subscriptions/65684f2a-01e2-443f-8763-39047d2a965b/resourceGroups/SiLLK/providers/Microsoft.Cdn/profiles/sillkFDProfile/afdEndpoints/sillkFDEndpoint",
            "cdn_frontdoor_origin_group_id": "/subscriptions/65684f2a-01e2-443f-8763-39047d2a965b/resourceGroups/SiLLK/providers/Microsoft.Cdn/profiles/sillkFDProfile/originGroups/originGroup",
            "cdn_frontdoor_origin_ids": [
              "/subscriptions/65684f2a-01e2-443f-8763-39047d2a965b/resourceGroups/SiLLK/providers/Microsoft.Cdn/profiles/sillkFDProfile/originGroups/originGroup/origins/LBOrigin"
            ],
            "cdn_frontdoor_origin_path": "",
            "cdn_frontdoor_rule_set_ids": [],
            "enabled": true,
            "forwarding_protocol": "HttpOnly",
            "https_redirect_enabled": false,
            "id": "/subscriptions/65684f2a-01e2-443f-8763-39047d2a965b/resourceGroups/SiLLK/providers/Microsoft.Cdn/profiles/sillkFDProfile/afdEndpoints/sillkFDEndpoint/routes/route",
            "link_to_default_domain": true,
            "name": "route",
            "patterns_to_match": [
              "/*"
            ],
            "supported_protocols": [
              "Http"
            ],
            "timeouts": null
          },
          "sensitive_attributes": [],
          "private": "eyJlMmJmYjczMC1lY2FhLTExZTYtOGY4OC0zNDM2M2JjN2M0YzAiOnsiY3JlYXRlIjoxODAwMDAwMDAwMDAwLCJkZWxldGUiOjE4MDAwMDAwMDAwMDAsInJlYWQiOjMwMDAwMDAwMDAwMCwidXBkYXRlIjoxODAwMDAwMDAwMDAwfX0=",
          "dependencies": [
            "azurerm_cdn_frontdoor_endpoint.sillkFDEndpoint",
            "azurerm_cdn_frontdoor_origin.LBOrigin",
            "azurerm_cdn_frontdoor_origin_group.originGroup",
            "azurerm_cdn_frontdoor_profile.sillkFDProfile",
            "azurerm_public_ip.publicIP",
            "azurerm_resource_group.SiLLK"
          ]
        }
      ]
    },
    {
      "mode": "managed",
      "type": "azurerm_key_vault",
      "name": "sillkkv",
      "provider": "provider[\"registry.terraform.io/hashicorp/azurerm\"]",
      "instances": [
        {
          "schema_version": 2,
          "attributes": {
            "access_policy": [],
            "contact": [],
            "enable_rbac_authorization": false,
            "enabled_for_deployment": false,
            "enabled_for_disk_encryption": true,
            "enabled_for_template_deployment": false,
            "id": "/subscriptions/65684f2a-01e2-443f-8763-39047d2a965b/resourceGroups/SiLLK/providers/Microsoft.KeyVault/vaults/sillk-keyvault",
            "location": "eastus",
            "name": "sillk-keyvault",
            "network_acls": [
              {
                "bypass": "AzureServices",
                "default_action": "Allow",
                "ip_rules": [],
                "virtual_network_subnet_ids": []
              }
            ],
            "public_network_access_enabled": true,
            "purge_protection_enabled": false,
            "resource_group_name": "SiLLK",
            "sku_name": "standard",
            "soft_delete_retention_days": 90,
            "tags": {},
            "tenant_id": "33da9f3f-4c1a-4640-8ce1-3f63024aea1d",
            "timeouts": null,
            "vault_uri": "https://sillk-keyvault.vault.azure.net/"
          },
          "sensitive_attributes": [],
          "private": "eyJlMmJmYjczMC1lY2FhLTExZTYtOGY4OC0zNDM2M2JjN2M0YzAiOnsiY3JlYXRlIjoxODAwMDAwMDAwMDAwLCJkZWxldGUiOjE4MDAwMDAwMDAwMDAsInJlYWQiOjMwMDAwMDAwMDAwMCwidXBkYXRlIjoxODAwMDAwMDAwMDAwfSwic2NoZW1hX3ZlcnNpb24iOiIyIn0=",
          "dependencies": [
            "azurerm_resource_group.SiLLK",
            "data.azurerm_client_config.current"
          ]
        }
      ]
    },
    {
      "mode": "managed",
      "type": "azurerm_lb",
      "name": "sillkLb",
      "provider": "provider[\"registry.terraform.io/hashicorp/azurerm\"]",
      "instances": [
        {
          "schema_version": 0,
          "attributes": {
            "edge_zone": "",
            "frontend_ip_configuration": [
              {
                "gateway_load_balancer_frontend_ip_configuration_id": "",
                "id": "/subscriptions/65684f2a-01e2-443f-8763-39047d2a965b/resourceGroups/SiLLK/providers/Microsoft.Network/loadBalancers/sillkLb/frontendIPConfigurations/sillkfend-ip",
                "inbound_nat_rules": [],
                "load_balancer_rules": [
                  "/subscriptions/65684f2a-01e2-443f-8763-39047d2a965b/resourceGroups/SiLLK/providers/Microsoft.Network/loadBalancers/sillkLb/loadBalancingRules/LBRule"
                ],
                "name": "sillkfend-ip",
                "outbound_rules": [],
                "private_ip_address": "",
                "private_ip_address_allocation": "Dynamic",
                "private_ip_address_version": "",
                "public_ip_address_id": "/subscriptions/65684f2a-01e2-443f-8763-39047d2a965b/resourceGroups/SiLLK/providers/Microsoft.Network/publicIPAddresses/sillk-pip",
                "public_ip_prefix_id": "",
                "subnet_id": "",
                "zones": []
              }
            ],
            "id": "/subscriptions/65684f2a-01e2-443f-8763-39047d2a965b/resourceGroups/SiLLK/providers/Microsoft.Network/loadBalancers/sillkLb",
            "location": "eastus",
            "name": "sillkLb",
            "private_ip_address": "",
            "private_ip_addresses": [],
            "resource_group_name": "SiLLK",
            "sku": "Standard",
            "sku_tier": "Regional",
            "tags": {},
            "timeouts": null
          },
          "sensitive_attributes": [],
          "private": "eyJlMmJmYjczMC1lY2FhLTExZTYtOGY4OC0zNDM2M2JjN2M0YzAiOnsiY3JlYXRlIjoxODAwMDAwMDAwMDAwLCJkZWxldGUiOjE4MDAwMDAwMDAwMDAsInJlYWQiOjMwMDAwMDAwMDAwMCwidXBkYXRlIjoxODAwMDAwMDAwMDAwfX0=",
          "dependencies": [
            "azurerm_public_ip.publicIP",
            "azurerm_resource_group.SiLLK"
          ]
        }
      ]
    },
    {
      "mode": "managed",
      "type": "azurerm_lb_backend_address_pool",
      "name": "BackEnd-Pool",
      "provider": "provider[\"registry.terraform.io/hashicorp/azurerm\"]",
      "instances": [
        {
          "schema_version": 0,
          "attributes": {
            "backend_ip_configurations": [
              "/subscriptions/65684f2a-01e2-443f-8763-39047d2a965b/resourceGroups/SiLLK/providers/Microsoft.Compute/virtualMachineScaleSets/sillkss/virtualMachines/2/networkInterfaces/sillk-ssnic/ipConfigurations/internal",
              "/subscriptions/65684f2a-01e2-443f-8763-39047d2a965b/resourceGroups/SiLLK/providers/Microsoft.Compute/virtualMachineScaleSets/sillkss/virtualMachines/3/networkInterfaces/sillk-ssnic/ipConfigurations/internal"
            ],
            "id": "/subscriptions/65684f2a-01e2-443f-8763-39047d2a965b/resourceGroups/SiLLK/providers/Microsoft.Network/loadBalancers/sillkLb/backendAddressPools/sillkbend-pool",
            "inbound_nat_rules": [],
            "load_balancing_rules": [
              "/subscriptions/65684f2a-01e2-443f-8763-39047d2a965b/resourceGroups/SiLLK/providers/Microsoft.Network/loadBalancers/sillkLb/loadBalancingRules/LBRule"
            ],
            "loadbalancer_id": "/subscriptions/65684f2a-01e2-443f-8763-39047d2a965b/resourceGroups/SiLLK/providers/Microsoft.Network/loadBalancers/sillkLb",
            "name": "sillkbend-pool",
            "outbound_rules": [],
            "timeouts": null,
            "tunnel_interface": [],
            "virtual_network_id": ""
          },
          "sensitive_attributes": [],
          "private": "eyJlMmJmYjczMC1lY2FhLTExZTYtOGY4OC0zNDM2M2JjN2M0YzAiOnsiY3JlYXRlIjoxODAwMDAwMDAwMDAwLCJkZWxldGUiOjE4MDAwMDAwMDAwMDAsInJlYWQiOjMwMDAwMDAwMDAwMCwidXBkYXRlIjoxODAwMDAwMDAwMDAwfX0=",
          "dependencies": [
            "azurerm_lb.sillkLb",
            "azurerm_public_ip.publicIP",
            "azurerm_resource_group.SiLLK"
          ]
        }
      ]
    },
    {
      "mode": "managed",
      "type": "azurerm_lb_outbound_rule",
      "name": "sillklbrule",
      "provider": "provider[\"registry.terraform.io/hashicorp/azurerm\"]",
      "instances": [
        {
          "schema_version": 0,
          "attributes": {
            "allocated_outbound_ports": 1024,
            "backend_address_pool_id": "/subscriptions/65684f2a-01e2-443f-8763-39047d2a965b/resourceGroups/SiLLK/providers/Microsoft.Network/loadBalancers/sillkLb/backendAddressPools/sillkbend-pool",
            "enable_tcp_reset": false,
            "frontend_ip_configuration": [
              {
                "id": "/subscriptions/65684f2a-01e2-443f-8763-39047d2a965b/resourceGroups/SiLLK/providers/Microsoft.Network/loadBalancers/sillkLb/frontendIPConfigurations/sillkfend-ip",
                "name": "sillkfend-ip"
              }
            ],
            "id": "/subscriptions/65684f2a-01e2-443f-8763-39047d2a965b/resourceGroups/SiLLK/providers/Microsoft.Network/loadBalancers/sillkLb/outboundRules/sillkobrule",
            "idle_timeout_in_minutes": 4,
            "loadbalancer_id": "/subscriptions/65684f2a-01e2-443f-8763-39047d2a965b/resourceGroups/SiLLK/providers/Microsoft.Network/loadBalancers/sillkLb",
            "name": "sillkobrule",
            "protocol": "All",
            "timeouts": null
          },
          "sensitive_attributes": [],
          "private": "eyJlMmJmYjczMC1lY2FhLTExZTYtOGY4OC0zNDM2M2JjN2M0YzAiOnsiY3JlYXRlIjoxODAwMDAwMDAwMDAwLCJkZWxldGUiOjE4MDAwMDAwMDAwMDAsInJlYWQiOjMwMDAwMDAwMDAwMCwidXBkYXRlIjoxODAwMDAwMDAwMDAwfX0=",
          "dependencies": [
            "azurerm_lb.sillkLb",
            "azurerm_lb_backend_address_pool.BackEnd-Pool"
          ]
        }
      ]
    },
    {
      "mode": "managed",
      "type": "azurerm_lb_probe",
      "name": "sillkprobe",
      "provider": "provider[\"registry.terraform.io/hashicorp/azurerm\"]",
      "instances": [
        {
          "schema_version": 0,
          "attributes": {
            "id": "/subscriptions/65684f2a-01e2-443f-8763-39047d2a965b/resourceGroups/SiLLK/providers/Microsoft.Network/loadBalancers/sillkLb/probes/sillk-probe",
            "interval_in_seconds": 15,
            "load_balancer_rules": [
              "/subscriptions/65684f2a-01e2-443f-8763-39047d2a965b/resourceGroups/SiLLK/providers/Microsoft.Network/loadBalancers/sillkLb/loadBalancingRules/LBRule"
            ],
            "loadbalancer_id": "/subscriptions/65684f2a-01e2-443f-8763-39047d2a965b/resourceGroups/SiLLK/providers/Microsoft.Network/loadBalancers/sillkLb",
            "name": "sillk-probe",
            "number_of_probes": 2,
            "port": 22,
            "probe_threshold": 1,
            "protocol": "Tcp",
            "request_path": "",
            "timeouts": null
          },
          "sensitive_attributes": [],
          "private": "eyJlMmJmYjczMC1lY2FhLTExZTYtOGY4OC0zNDM2M2JjN2M0YzAiOnsiY3JlYXRlIjoxODAwMDAwMDAwMDAwLCJkZWxldGUiOjE4MDAwMDAwMDAwMDAsInJlYWQiOjMwMDAwMDAwMDAwMCwidXBkYXRlIjoxODAwMDAwMDAwMDAwfX0=",
          "dependencies": [
            "azurerm_lb.sillkLb",
            "azurerm_public_ip.publicIP",
            "azurerm_resource_group.SiLLK"
          ]
        }
      ]
    },
    {
      "mode": "managed",
      "type": "azurerm_lb_rule",
      "name": "LBRule",
      "provider": "provider[\"registry.terraform.io/hashicorp/azurerm\"]",
      "instances": [
        {
          "schema_version": 0,
          "attributes": {
            "backend_address_pool_ids": [
              "/subscriptions/65684f2a-01e2-443f-8763-39047d2a965b/resourceGroups/SiLLK/providers/Microsoft.Network/loadBalancers/sillkLb/backendAddressPools/sillkbend-pool"
            ],
            "backend_port": 80,
            "disable_outbound_snat": true,
            "enable_floating_ip": false,
            "enable_tcp_reset": false,
            "frontend_ip_configuration_id": "/subscriptions/65684f2a-01e2-443f-8763-39047d2a965b/resourceGroups/SiLLK/providers/Microsoft.Network/loadBalancers/sillkLb/frontendIPConfigurations/sillkfend-ip",
            "frontend_ip_configuration_name": "sillkfend-ip",
            "frontend_port": 80,
            "id": "/subscriptions/65684f2a-01e2-443f-8763-39047d2a965b/resourceGroups/SiLLK/providers/Microsoft.Network/loadBalancers/sillkLb/loadBalancingRules/LBRule",
            "idle_timeout_in_minutes": 4,
            "load_distribution": "Default",
            "loadbalancer_id": "/subscriptions/65684f2a-01e2-443f-8763-39047d2a965b/resourceGroups/SiLLK/providers/Microsoft.Network/loadBalancers/sillkLb",
            "name": "LBRule",
            "probe_id": "/subscriptions/65684f2a-01e2-443f-8763-39047d2a965b/resourceGroups/SiLLK/providers/Microsoft.Network/loadBalancers/sillkLb/probes/sillk-probe",
            "protocol": "Tcp",
            "timeouts": null
          },
          "sensitive_attributes": [],
          "private": "eyJlMmJmYjczMC1lY2FhLTExZTYtOGY4OC0zNDM2M2JjN2M0YzAiOnsiY3JlYXRlIjoxODAwMDAwMDAwMDAwLCJkZWxldGUiOjE4MDAwMDAwMDAwMDAsInJlYWQiOjMwMDAwMDAwMDAwMCwidXBkYXRlIjoxODAwMDAwMDAwMDAwfX0=",
          "dependencies": [
            "azurerm_lb.sillkLb",
            "azurerm_lb_backend_address_pool.BackEnd-Pool",
            "azurerm_lb_probe.sillkprobe",
            "azurerm_public_ip.publicIP",
            "azurerm_resource_group.SiLLK"
          ]
        }
      ]
    },
    {
      "mode": "managed",
      "type": "azurerm_linux_virtual_machine_scale_set",
      "name": "sillkss",
      "provider": "provider[\"registry.terraform.io/hashicorp/azurerm\"]",
      "instances": [
        {
          "schema_version": 0,
          "attributes": {
            "additional_capabilities": [],
            "admin_password": "Pa$$w0rd",
            "admin_ssh_key": [],
            "admin_username": "adminuser",
            "automatic_instance_repair": [
              {
                "enabled": false,
                "grace_period": "PT30M"
              }
            ],
            "automatic_os_upgrade_policy": [],
            "boot_diagnostics": [
              {
                "storage_account_uri": "https://bdlawson1234.blob.core.windows.net/"
              }
            ],
            "capacity_reservation_group_id": "",
            "computer_name_prefix": "sillk-vm-1",
            "custom_data": "IyEvYmluL2Jhc2gNCg0KICAgICMgVXBkYXRlIHN5c3RlbSBwYWNrYWdlcw0KICAgIGFwdC1nZXQgdXBkYXRlIC15DQogICAgYXB0LWdldCB1cGdyYWRlIC15DQoNCiAgICAjIEluc3RhbGwgQXBhY2hlLCBNeVNRTCwgUEhQLCBhbmQgb3RoZXIgZGVwZW5kZW5jaWVzDQogICAgYXB0LWdldCBpbnN0YWxsIC15IGFwYWNoZTIgbXlzcWwtY2xpZW50IHBocCBwaHAtbXlzcWwgbGliYXBhY2hlMi1tb2QtcGhwIHBocC1jbGkgcGhwLWN1cmwgcGhwLWdkIHBocC1tYnN0cmluZyBwaHAteG1sIHBocC14bWxycGMNCg0KICAgICMgRW5hYmxlIEFwYWNoZSBtb2R1bGVzDQogICAgc3lzdGVtY3RsIHJlc3RhcnQgYXBhY2hlMg0KDQogICAgIyBEb3dubG9hZCBhbmQgZXh0cmFjdCBXb3JkUHJlc3MNCiAgICBjZCAvdmFyL3d3dy9odG1sDQogICAgd2dldCBodHRwczovL3dvcmRwcmVzcy5vcmcvbGF0ZXN0LnRhci5neg0KICAgIHRhciAteGYgbGF0ZXN0LnRhci5neg0KICAgIHJtIGxhdGVzdC50YXIuZ3oNCiAgICBjaG93biAtUiB3d3ctZGF0YTp3d3ctZGF0YSB3b3JkcHJlc3MNCg0KICAgICMgQ29uZmlndXJlIFdvcmRQcmVzcw0KICAgIGNwIC92YXIvd3d3L2h0bWwvd29yZHByZXNzL3dwLWNvbmZpZy1zYW1wbGUucGhwIC92YXIvd3d3L2h0bWwvd29yZHByZXNzL3dwLWNvbmZpZy5waHANCiAgICBzZWQgLWkgInMvZGF0YWJhc2VfbmFtZV9oZXJlL3RlYW0zL2ciIC92YXIvd3d3L2h0bWwvd29yZHByZXNzL3dwLWNvbmZpZy5waHANCiAgICBzZWQgLWkgInMvdXNlcm5hbWVfaGVyZS9iamdvbWVzL2ciIC92YXIvd3d3L2h0bWwvd29yZHByZXNzL3dwLWNvbmZpZy5waHANCiAgICBzZWQgLWkgInMvcGFzc3dvcmRfaGVyZS9QQHNzdzByZDEyMzQhIS9nIiAvdmFyL3d3dy9odG1sL3dvcmRwcmVzcy93cC1jb25maWcucGhwDQogICAgc2VkIC1pICJzL2xvY2FsaG9zdC9jb25vY28tcHJvamVjdDIubXlzcWwuZGF0YWJhc2UuYXp1cmUuY29tL2ciIC92YXIvd3d3L2h0bWwvd29yZHByZXNzL3dwLWNvbmZpZy5waHANCiAgICANCiMgQ3JlYXRlIGFuIEFwYWNoZSB2aXJ0dWFsIGhvc3QgZm9yIFdvcmRQcmVzcw0KY2F0IDw8RU9MID4gL2V0Yy9hcGFjaGUyL3NpdGVzLWF2YWlsYWJsZS93b3JkcHJlc3MuY29uZiANCjxWaXJ0dWFsSG9zdCAqOjgwPg0KICAgIFNlcnZlckFkbWluIHdlYm1hc3RlckAxNzIuMTc4LjI4LjQyDQogICAgU2VydmVyTmFtZSAxNzIuMTc4LjI4LjQyDQogICAgRG9jdW1lbnRSb290IC92YXIvd3d3L2h0bWwvd29yZHByZXNzDQogICAgRXJyb3JMb2cgXCR7QVBBQ0hFX0xPR19ESVJ9L2Vycm9yLmxvZw0KICAgIEN1c3RvbUxvZyBcJHtBUEFDSEVfTE9HX0RJUn0vYWNjZXNzLmxvZyBjb21iaW5lZA0KPC9WaXJ0dWFsSG9zdD4NCkVPTA0KDQojIEVuYWJsZSB0aGUgV29yZFByZXNzIHNpdGUgYW5kIGRpc2FibGUgdGhlIGRlZmF1bHQgQXBhY2hlIHNpdGUgIA0KYTJkaXNzaXRlIDAwMC1kZWZhdWx0DQphMmVuc2l0ZSB3b3JkcHJlc3MNCiAgIA0KIyBSZXN0YXJ0IEFwYWNoZQ0Kc3lzdGVtY3RsIHJlc3RhcnQgYXBhY2hlMg0KDQo=",
            "data_disk": [],
            "disable_password_authentication": false,
            "do_not_run_extensions_on_overprovisioned_machines": false,
            "edge_zone": "",
            "encryption_at_host_enabled": false,
            "eviction_policy": "",
            "extension": [],
            "extension_operations_enabled": true,
            "extensions_time_budget": "PT1H30M",
            "gallery_application": [],
            "gallery_applications": [],
            "health_probe_id": "",
            "host_group_id": null,
            "id": "/subscriptions/65684f2a-01e2-443f-8763-39047d2a965b/resourceGroups/SiLLK/providers/Microsoft.Compute/virtualMachineScaleSets/sillkss",
            "identity": [],
            "instances": 2,
            "location": "eastus",
            "max_bid_price": -1,
            "name": "sillkss",
            "network_interface": [
              {
                "dns_servers": [],
                "enable_accelerated_networking": false,
                "enable_ip_forwarding": false,
                "ip_configuration": [
                  {
                    "application_gateway_backend_address_pool_ids": [],
                    "application_security_group_ids": [],
                    "load_balancer_backend_address_pool_ids": [
                      "/subscriptions/65684f2a-01e2-443f-8763-39047d2a965b/resourceGroups/SiLLK/providers/Microsoft.Network/loadBalancers/sillkLb/backendAddressPools/sillkbend-pool"
                    ],
                    "load_balancer_inbound_nat_rules_ids": [],
                    "name": "internal",
                    "primary": true,
                    "public_ip_address": [],
                    "subnet_id": "/subscriptions/65684f2a-01e2-443f-8763-39047d2a965b/resourceGroups/SiLLK/providers/Microsoft.Network/virtualNetworks/sillk-vnet/subnets/vm-subnet",
                    "version": "IPv4"
                  }
                ],
                "name": "sillk-ssnic",
                "network_security_group_id": "",
                "primary": true
              }
            ],
            "os_disk": [
              {
                "caching": "ReadWrite",
                "diff_disk_settings": [],
                "disk_encryption_set_id": "",
                "disk_size_gb": 30,
                "secure_vm_disk_encryption_set_id": "",
                "security_encryption_type": "",
                "storage_account_type": "Standard_LRS",
                "write_accelerator_enabled": false
              }
            ],
            "overprovision": true,
            "plan": [],
            "platform_fault_domain_count": 0,
            "priority": "Regular",
            "provision_vm_agent": true,
            "proximity_placement_group_id": "",
            "resource_group_name": "SiLLK",
            "rolling_upgrade_policy": [],
            "scale_in": [
              {
                "force_deletion_enabled": false,
                "rule": "Default"
              }
            ],
            "scale_in_policy": "Default",
            "secret": [],
            "secure_boot_enabled": false,
            "single_placement_group": true,
            "sku": "Standard_D1_v2",
            "source_image_id": "",
            "source_image_reference": [
              {
                "offer": "0001-com-ubuntu-server-focal",
                "publisher": "Canonical",
                "sku": "20_04-lts",
                "version": "latest"
              }
            ],
            "spot_restore": [],
            "tags": {},
            "terminate_notification": [],
            "termination_notification": [],
            "timeouts": null,
            "unique_id": "3f5d11bd-7c63-4873-8313-3f15465e1839",
            "upgrade_mode": "Manual",
            "user_data": "",
            "vtpm_enabled": false,
            "zone_balance": false,
            "zones": []
          },
          "sensitive_attributes": [],
          "private": "eyJlMmJmYjczMC1lY2FhLTExZTYtOGY4OC0zNDM2M2JjN2M0YzAiOnsiY3JlYXRlIjozNjAwMDAwMDAwMDAwLCJkZWxldGUiOjM2MDAwMDAwMDAwMDAsInJlYWQiOjMwMDAwMDAwMDAwMCwidXBkYXRlIjozNjAwMDAwMDAwMDAwfX0=",
          "dependencies": [
            "azurerm_lb.sillkLb",
            "azurerm_lb_backend_address_pool.BackEnd-Pool",
            "azurerm_public_ip.publicIP",
            "azurerm_resource_group.SiLLK",
            "azurerm_subnet.vm-subnet",
            "azurerm_virtual_network.sillk-vnet"
          ]
        }
      ]
    },
    {
      "mode": "managed",
      "type": "azurerm_network_security_group",
      "name": "endpoint-nsg",
      "provider": "provider[\"registry.terraform.io/hashicorp/azurerm\"]",
      "instances": [
        {
          "schema_version": 0,
          "attributes": {
            "id": "/subscriptions/65684f2a-01e2-443f-8763-39047d2a965b/resourceGroups/SiLLK/providers/Microsoft.Network/networkSecurityGroups/sillkepnsg",
            "location": "eastus",
            "name": "sillkepnsg",
            "resource_group_name": "SiLLK",
            "security_rule": [
              {
                "access": "Allow",
                "description": "",
                "destination_address_prefix": "10.0.4.0",
                "destination_address_prefixes": [],
                "destination_application_security_group_ids": [],
                "destination_port_range": "80",
                "destination_port_ranges": [],
                "direction": "Outbound",
                "name": "allow-private-endpoint",
                "priority": 300,
                "protocol": "Tcp",
                "source_address_prefix": "10.0.2.0",
                "source_address_prefixes": [],
                "source_application_security_group_ids": [],
                "source_port_range": "80",
                "source_port_ranges": []
              }
            ],
            "tags": {},
            "timeouts": null
          },
          "sensitive_attributes": [],
          "private": "eyJlMmJmYjczMC1lY2FhLTExZTYtOGY4OC0zNDM2M2JjN2M0YzAiOnsiY3JlYXRlIjoxODAwMDAwMDAwMDAwLCJkZWxldGUiOjE4MDAwMDAwMDAwMDAsInJlYWQiOjMwMDAwMDAwMDAwMCwidXBkYXRlIjoxODAwMDAwMDAwMDAwfX0=",
          "dependencies": [
            "azurerm_resource_group.SiLLK"
          ]
        }
      ]
    },
    {
      "mode": "managed",
      "type": "azurerm_network_security_group",
      "name": "vm-nsg",
      "provider": "provider[\"registry.terraform.io/hashicorp/azurerm\"]",
      "instances": [
        {
          "schema_version": 0,
          "attributes": {
            "id": "/subscriptions/65684f2a-01e2-443f-8763-39047d2a965b/resourceGroups/SiLLK/providers/Microsoft.Network/networkSecurityGroups/sillkvmnsg",
            "location": "eastus",
            "name": "sillkvmnsg",
            "resource_group_name": "SiLLK",
            "security_rule": [
              {
                "access": "Allow",
                "description": "",
                "destination_address_prefix": "*",
                "destination_address_prefixes": [],
                "destination_application_security_group_ids": [],
                "destination_port_range": "80",
                "destination_port_ranges": [],
                "direction": "Inbound",
                "name": "sillkallow-inbound",
                "priority": 100,
                "protocol": "Tcp",
                "source_address_prefix": "*",
                "source_address_prefixes": [],
                "source_application_security_group_ids": [],
                "source_port_range": "*",
                "source_port_ranges": []
              },
              {
                "access": "Allow",
                "description": "",
                "destination_address_prefix": "10.0.4.0",
                "destination_address_prefixes": [],
                "destination_application_security_group_ids": [],
                "destination_port_range": "80",
                "destination_port_ranges": [],
                "direction": "Inbound",
                "name": "allow-vmss",
                "priority": 400,
                "protocol": "Tcp",
                "source_address_prefix": "10.0.2.0",
                "source_address_prefixes": [],
                "source_application_security_group_ids": [],
                "source_port_range": "80",
                "source_port_ranges": []
              }
            ],
            "tags": {},
            "timeouts": null
          },
          "sensitive_attributes": [],
          "private": "eyJlMmJmYjczMC1lY2FhLTExZTYtOGY4OC0zNDM2M2JjN2M0YzAiOnsiY3JlYXRlIjoxODAwMDAwMDAwMDAwLCJkZWxldGUiOjE4MDAwMDAwMDAwMDAsInJlYWQiOjMwMDAwMDAwMDAwMCwidXBkYXRlIjoxODAwMDAwMDAwMDAwfX0=",
          "dependencies": [
            "azurerm_resource_group.SiLLK"
          ]
        }
      ]
    },
    {
      "mode": "managed",
      "type": "azurerm_network_security_rule",
      "name": "allow-endpoints",
      "provider": "provider[\"registry.terraform.io/hashicorp/azurerm\"]",
      "instances": [
        {
          "schema_version": 0,
          "attributes": {
            "access": "Allow",
            "description": "",
            "destination_address_prefix": "10.0.4.0",
            "destination_address_prefixes": [],
            "destination_application_security_group_ids": [],
            "destination_port_range": "80",
            "destination_port_ranges": [],
            "direction": "Outbound",
            "id": "/subscriptions/65684f2a-01e2-443f-8763-39047d2a965b/resourceGroups/SiLLK/providers/Microsoft.Network/networkSecurityGroups/sillkepnsg/securityRules/allow-private-endpoint",
            "name": "allow-private-endpoint",
            "network_security_group_name": "sillkepnsg",
            "priority": 300,
            "protocol": "Tcp",
            "resource_group_name": "SiLLK",
            "source_address_prefix": "10.0.2.0",
            "source_address_prefixes": [],
            "source_application_security_group_ids": [],
            "source_port_range": "80",
            "source_port_ranges": [],
            "timeouts": null
          },
          "sensitive_attributes": [],
          "private": "eyJlMmJmYjczMC1lY2FhLTExZTYtOGY4OC0zNDM2M2JjN2M0YzAiOnsiY3JlYXRlIjoxODAwMDAwMDAwMDAwLCJkZWxldGUiOjE4MDAwMDAwMDAwMDAsInJlYWQiOjMwMDAwMDAwMDAwMCwidXBkYXRlIjoxODAwMDAwMDAwMDAwfX0=",
          "dependencies": [
            "azurerm_network_security_group.endpoint-nsg",
            "azurerm_resource_group.SiLLK"
          ]
        }
      ]
    },
    {
      "mode": "managed",
      "type": "azurerm_network_security_rule",
      "name": "allow-vmss",
      "provider": "provider[\"registry.terraform.io/hashicorp/azurerm\"]",
      "instances": [
        {
          "schema_version": 0,
          "attributes": {
            "access": "Allow",
            "description": "",
            "destination_address_prefix": "10.0.4.0",
            "destination_address_prefixes": [],
            "destination_application_security_group_ids": [],
            "destination_port_range": "80",
            "destination_port_ranges": [],
            "direction": "Inbound",
            "id": "/subscriptions/65684f2a-01e2-443f-8763-39047d2a965b/resourceGroups/SiLLK/providers/Microsoft.Network/networkSecurityGroups/sillkvmnsg/securityRules/allow-vmss",
            "name": "allow-vmss",
            "network_security_group_name": "sillkvmnsg",
            "priority": 400,
            "protocol": "Tcp",
            "resource_group_name": "SiLLK",
            "source_address_prefix": "10.0.2.0",
            "source_address_prefixes": [],
            "source_application_security_group_ids": [],
            "source_port_range": "80",
            "source_port_ranges": [],
            "timeouts": null
          },
          "sensitive_attributes": [],
          "private": "eyJlMmJmYjczMC1lY2FhLTExZTYtOGY4OC0zNDM2M2JjN2M0YzAiOnsiY3JlYXRlIjoxODAwMDAwMDAwMDAwLCJkZWxldGUiOjE4MDAwMDAwMDAwMDAsInJlYWQiOjMwMDAwMDAwMDAwMCwidXBkYXRlIjoxODAwMDAwMDAwMDAwfX0=",
          "dependencies": [
            "azurerm_network_security_group.vm-nsg",
            "azurerm_resource_group.SiLLK"
          ]
        }
      ]
    },
    {
      "mode": "managed",
      "type": "azurerm_network_security_rule",
      "name": "sillkallow-inbound",
      "provider": "provider[\"registry.terraform.io/hashicorp/azurerm\"]",
      "instances": [
        {
          "schema_version": 0,
          "attributes": {
            "access": "Allow",
            "description": "",
            "destination_address_prefix": "*",
            "destination_address_prefixes": [],
            "destination_application_security_group_ids": [],
            "destination_port_range": "80",
            "destination_port_ranges": [],
            "direction": "Inbound",
            "id": "/subscriptions/65684f2a-01e2-443f-8763-39047d2a965b/resourceGroups/SiLLK/providers/Microsoft.Network/networkSecurityGroups/sillkvmnsg/securityRules/sillkallow-inbound",
            "name": "sillkallow-inbound",
            "network_security_group_name": "sillkvmnsg",
            "priority": 100,
            "protocol": "Tcp",
            "resource_group_name": "SiLLK",
            "source_address_prefix": "*",
            "source_address_prefixes": [],
            "source_application_security_group_ids": [],
            "source_port_range": "*",
            "source_port_ranges": [],
            "timeouts": null
          },
          "sensitive_attributes": [],
          "private": "eyJlMmJmYjczMC1lY2FhLTExZTYtOGY4OC0zNDM2M2JjN2M0YzAiOnsiY3JlYXRlIjoxODAwMDAwMDAwMDAwLCJkZWxldGUiOjE4MDAwMDAwMDAwMDAsInJlYWQiOjMwMDAwMDAwMDAwMCwidXBkYXRlIjoxODAwMDAwMDAwMDAwfX0=",
          "dependencies": [
            "azurerm_network_security_group.vm-nsg",
            "azurerm_resource_group.SiLLK"
          ]
        }
      ]
    },
    {
      "mode": "managed",
      "type": "azurerm_private_dns_zone",
      "name": "cacheprivend",
      "provider": "provider[\"registry.terraform.io/hashicorp/azurerm\"]",
      "instances": [
        {
          "schema_version": 0,
          "attributes": {
            "id": "/subscriptions/65684f2a-01e2-443f-8763-39047d2a965b/resourceGroups/SiLLK/providers/Microsoft.Network/privateDnsZones/privatelink.redis.cache.windows.net",
            "max_number_of_record_sets": 25000,
            "max_number_of_virtual_network_links": 1000,
            "max_number_of_virtual_network_links_with_registration": 100,
            "name": "privatelink.redis.cache.windows.net",
            "number_of_record_sets": 2,
            "resource_group_name": "SiLLK",
            "soa_record": [
              {
                "email": "azureprivatedns-host.microsoft.com",
                "expire_time": 2419200,
                "fqdn": "privatelink.redis.cache.windows.net.",
                "host_name": "azureprivatedns.net",
                "minimum_ttl": 10,
                "refresh_time": 3600,
                "retry_time": 300,
                "serial_number": 1,
                "tags": {},
                "ttl": 3600
              }
            ],
            "tags": {},
            "timeouts": null
          },
          "sensitive_attributes": [],
          "private": "eyJlMmJmYjczMC1lY2FhLTExZTYtOGY4OC0zNDM2M2JjN2M0YzAiOnsiY3JlYXRlIjoxODAwMDAwMDAwMDAwLCJkZWxldGUiOjE4MDAwMDAwMDAwMDAsInJlYWQiOjMwMDAwMDAwMDAwMCwidXBkYXRlIjoxODAwMDAwMDAwMDAwfX0=",
          "dependencies": [
            "azurerm_resource_group.SiLLK"
          ]
        }
      ]
    },
    {
      "mode": "managed",
      "type": "azurerm_private_dns_zone",
      "name": "dbprivend",
      "provider": "provider[\"registry.terraform.io/hashicorp/azurerm\"]",
      "instances": [
        {
          "schema_version": 0,
          "attributes": {
            "id": "/subscriptions/65684f2a-01e2-443f-8763-39047d2a965b/resourceGroups/SiLLK/providers/Microsoft.Network/privateDnsZones/privatelink.mysql.database.azure.com",
            "max_number_of_record_sets": 25000,
            "max_number_of_virtual_network_links": 1000,
            "max_number_of_virtual_network_links_with_registration": 100,
            "name": "privatelink.mysql.database.azure.com",
            "number_of_record_sets": 2,
            "resource_group_name": "SiLLK",
            "soa_record": [
              {
                "email": "azureprivatedns-host.microsoft.com",
                "expire_time": 2419200,
                "fqdn": "privatelink.mysql.database.azure.com.",
                "host_name": "azureprivatedns.net",
                "minimum_ttl": 10,
                "refresh_time": 3600,
                "retry_time": 300,
                "serial_number": 1,
                "tags": {},
                "ttl": 3600
              }
            ],
            "tags": {},
            "timeouts": null
          },
          "sensitive_attributes": [],
          "private": "eyJlMmJmYjczMC1lY2FhLTExZTYtOGY4OC0zNDM2M2JjN2M0YzAiOnsiY3JlYXRlIjoxODAwMDAwMDAwMDAwLCJkZWxldGUiOjE4MDAwMDAwMDAwMDAsInJlYWQiOjMwMDAwMDAwMDAwMCwidXBkYXRlIjoxODAwMDAwMDAwMDAwfX0=",
          "dependencies": [
            "azurerm_resource_group.SiLLK"
          ]
        }
      ]
    },
    {
      "mode": "managed",
      "type": "azurerm_private_dns_zone",
      "name": "vaultprivend",
      "provider": "provider[\"registry.terraform.io/hashicorp/azurerm\"]",
      "instances": [
        {
          "schema_version": 0,
          "attributes": {
            "id": "/subscriptions/65684f2a-01e2-443f-8763-39047d2a965b/resourceGroups/SiLLK/providers/Microsoft.Network/privateDnsZones/privatelink.key.vault.windows.net",
            "max_number_of_record_sets": 25000,
            "max_number_of_virtual_network_links": 1000,
            "max_number_of_virtual_network_links_with_registration": 100,
            "name": "privatelink.key.vault.windows.net",
            "number_of_record_sets": 1,
            "resource_group_name": "SiLLK",
            "soa_record": [
              {
                "email": "azureprivatedns-host.microsoft.com",
                "expire_time": 2419200,
                "fqdn": "privatelink.key.vault.windows.net.",
                "host_name": "azureprivatedns.net",
                "minimum_ttl": 10,
                "refresh_time": 3600,
                "retry_time": 300,
                "serial_number": 1,
                "tags": {},
                "ttl": 3600
              }
            ],
            "tags": {},
            "timeouts": null
          },
          "sensitive_attributes": [],
          "private": "eyJlMmJmYjczMC1lY2FhLTExZTYtOGY4OC0zNDM2M2JjN2M0YzAiOnsiY3JlYXRlIjoxODAwMDAwMDAwMDAwLCJkZWxldGUiOjE4MDAwMDAwMDAwMDAsInJlYWQiOjMwMDAwMDAwMDAwMCwidXBkYXRlIjoxODAwMDAwMDAwMDAwfX0=",
          "dependencies": [
            "azurerm_resource_group.SiLLK"
          ]
        }
      ]
    },
    {
      "mode": "managed",
      "type": "azurerm_private_dns_zone_virtual_network_link",
      "name": "cacheprivend",
      "provider": "provider[\"registry.terraform.io/hashicorp/azurerm\"]",
      "instances": [
        {
          "schema_version": 0,
          "attributes": {
            "id": "/subscriptions/65684f2a-01e2-443f-8763-39047d2a965b/resourceGroups/SiLLK/providers/Microsoft.Network/privateDnsZones/privatelink.redis.cache.windows.net/virtualNetworkLinks/sillkcache-link",
            "name": "sillkcache-link",
            "private_dns_zone_name": "privatelink.redis.cache.windows.net",
            "registration_enabled": false,
            "resource_group_name": "SiLLK",
            "tags": {},
            "timeouts": null,
            "virtual_network_id": "/subscriptions/65684f2a-01e2-443f-8763-39047d2a965b/resourceGroups/SiLLK/providers/Microsoft.Network/virtualNetworks/sillk-vnet"
          },
          "sensitive_attributes": [],
          "private": "eyJlMmJmYjczMC1lY2FhLTExZTYtOGY4OC0zNDM2M2JjN2M0YzAiOnsiY3JlYXRlIjoxODAwMDAwMDAwMDAwLCJkZWxldGUiOjE4MDAwMDAwMDAwMDAsInJlYWQiOjMwMDAwMDAwMDAwMCwidXBkYXRlIjoxODAwMDAwMDAwMDAwfX0=",
          "dependencies": [
            "azurerm_private_dns_zone.cacheprivend",
            "azurerm_resource_group.SiLLK",
            "azurerm_virtual_network.sillk-vnet"
          ]
        }
      ]
    },
    {
      "mode": "managed",
      "type": "azurerm_private_dns_zone_virtual_network_link",
      "name": "dbprivendlink",
      "provider": "provider[\"registry.terraform.io/hashicorp/azurerm\"]",
      "instances": [
        {
          "schema_version": 0,
          "attributes": {
            "id": "/subscriptions/65684f2a-01e2-443f-8763-39047d2a965b/resourceGroups/SiLLK/providers/Microsoft.Network/privateDnsZones/privatelink.mysql.database.azure.com/virtualNetworkLinks/virtualnetwork-link",
            "name": "virtualnetwork-link",
            "private_dns_zone_name": "privatelink.mysql.database.azure.com",
            "registration_enabled": false,
            "resource_group_name": "SiLLK",
            "tags": {},
            "timeouts": null,
            "virtual_network_id": "/subscriptions/65684f2a-01e2-443f-8763-39047d2a965b/resourceGroups/SiLLK/providers/Microsoft.Network/virtualNetworks/sillk-vnet"
          },
          "sensitive_attributes": [],
          "private": "eyJlMmJmYjczMC1lY2FhLTExZTYtOGY4OC0zNDM2M2JjN2M0YzAiOnsiY3JlYXRlIjoxODAwMDAwMDAwMDAwLCJkZWxldGUiOjE4MDAwMDAwMDAwMDAsInJlYWQiOjMwMDAwMDAwMDAwMCwidXBkYXRlIjoxODAwMDAwMDAwMDAwfX0=",
          "dependencies": [
            "azurerm_private_dns_zone.dbprivend",
            "azurerm_resource_group.SiLLK",
            "azurerm_virtual_network.sillk-vnet"
          ]
        }
      ]
    },
    {
      "mode": "managed",
      "type": "azurerm_private_dns_zone_virtual_network_link",
      "name": "vaultprivend",
      "provider": "provider[\"registry.terraform.io/hashicorp/azurerm\"]",
      "instances": [
        {
          "schema_version": 0,
          "attributes": {
            "id": "/subscriptions/65684f2a-01e2-443f-8763-39047d2a965b/resourceGroups/SiLLK/providers/Microsoft.Network/privateDnsZones/privatelink.key.vault.windows.net/virtualNetworkLinks/lepe2-link",
            "name": "lepe2-link",
            "private_dns_zone_name": "privatelink.key.vault.windows.net",
            "registration_enabled": false,
            "resource_group_name": "SiLLK",
            "tags": {},
            "timeouts": null,
            "virtual_network_id": "/subscriptions/65684f2a-01e2-443f-8763-39047d2a965b/resourceGroups/SiLLK/providers/Microsoft.Network/virtualNetworks/sillk-vnet"
          },
          "sensitive_attributes": [],
          "private": "eyJlMmJmYjczMC1lY2FhLTExZTYtOGY4OC0zNDM2M2JjN2M0YzAiOnsiY3JlYXRlIjoxODAwMDAwMDAwMDAwLCJkZWxldGUiOjE4MDAwMDAwMDAwMDAsInJlYWQiOjMwMDAwMDAwMDAwMCwidXBkYXRlIjoxODAwMDAwMDAwMDAwfX0=",
          "dependencies": [
            "azurerm_private_dns_zone.vaultprivend",
            "azurerm_resource_group.SiLLK",
            "azurerm_virtual_network.sillk-vnet"
          ]
        }
      ]
    },
    {
      "mode": "managed",
      "type": "azurerm_private_endpoint",
      "name": "cacheprivend",
      "provider": "provider[\"registry.terraform.io/hashicorp/azurerm\"]",
      "instances": [
        {
          "schema_version": 0,
          "attributes": {
            "custom_dns_configs": [],
            "custom_network_interface_name": "",
            "id": "/subscriptions/65684f2a-01e2-443f-8763-39047d2a965b/resourceGroups/SiLLK/providers/Microsoft.Network/privateEndpoints/sillk-cachepep",
            "ip_configuration": [],
            "location": "eastus",
            "name": "sillk-cachepep",
            "network_interface": [
              {
                "id": "/subscriptions/65684f2a-01e2-443f-8763-39047d2a965b/resourceGroups/SiLLK/providers/Microsoft.Network/networkInterfaces/sillk-cachepep.nic.c9779ea5-02b2-454a-900c-e59331077791",
                "name": "sillk-cachepep.nic.c9779ea5-02b2-454a-900c-e59331077791"
              }
            ],
            "private_dns_zone_configs": [
              {
                "id": "/subscriptions/65684f2a-01e2-443f-8763-39047d2a965b/resourceGroups/SiLLK/providers/Microsoft.Network/privateEndpoints/sillk-cachepep/privateDnsZoneGroups/cacheprivend-dns-zone-group/privateDnsZoneConfigs/privatelink.redis.cache.windows.net",
                "name": "privatelink.redis.cache.windows.net",
                "private_dns_zone_id": "/subscriptions/65684f2a-01e2-443f-8763-39047d2a965b/resourceGroups/SiLLK/providers/Microsoft.Network/privateDnsZones/privatelink.redis.cache.windows.net",
                "record_sets": [
                  {
                    "fqdn": "sillk-cache.privatelink.redis.cache.windows.net",
                    "ip_addresses": [
                      "10.0.4.6"
                    ],
                    "name": "sillk-cache",
                    "ttl": 10,
                    "type": "A"
                  }
                ]
              }
            ],
            "private_dns_zone_group": [
              {
                "id": "/subscriptions/65684f2a-01e2-443f-8763-39047d2a965b/resourceGroups/SiLLK/providers/Microsoft.Network/privateEndpoints/sillk-cachepep/privateDnsZoneGroups/cacheprivend-dns-zone-group",
                "name": "cacheprivend-dns-zone-group",
                "private_dns_zone_ids": [
                  "/subscriptions/65684f2a-01e2-443f-8763-39047d2a965b/resourceGroups/SiLLK/providers/Microsoft.Network/privateDnsZones/privatelink.redis.cache.windows.net"
                ]
              }
            ],
            "private_service_connection": [
              {
                "is_manual_connection": false,
                "name": "sillk-privateserviceconnection",
                "private_connection_resource_alias": "",
                "private_connection_resource_id": "/subscriptions/65684f2a-01e2-443f-8763-39047d2a965b/resourceGroups/SiLLK/providers/Microsoft.Cache/redis/sillk-cache",
                "private_ip_address": "10.0.4.6",
                "request_message": "",
                "subresource_names": [
                  "redisCache"
                ]
              }
            ],
            "resource_group_name": "SiLLK",
            "subnet_id": "/subscriptions/65684f2a-01e2-443f-8763-39047d2a965b/resourceGroups/SiLLK/providers/Microsoft.Network/virtualNetworks/sillk-vnet/subnets/endpoint-subnet",
            "tags": {},
            "timeouts": null
          },
          "sensitive_attributes": [],
          "private": "eyJlMmJmYjczMC1lY2FhLTExZTYtOGY4OC0zNDM2M2JjN2M0YzAiOnsiY3JlYXRlIjozNjAwMDAwMDAwMDAwLCJkZWxldGUiOjM2MDAwMDAwMDAwMDAsInJlYWQiOjMwMDAwMDAwMDAwMCwidXBkYXRlIjozNjAwMDAwMDAwMDAwfX0=",
          "dependencies": [
            "azurerm_private_dns_zone.cacheprivend",
            "azurerm_redis_cache.cache",
            "azurerm_resource_group.SiLLK",
            "azurerm_subnet.endpoint-subnet",
            "azurerm_virtual_network.sillk-vnet"
          ]
        }
      ]
    },
    {
      "mode": "managed",
      "type": "azurerm_private_endpoint",
      "name": "dataprivend",
      "provider": "provider[\"registry.terraform.io/hashicorp/azurerm\"]",
      "instances": [
        {
          "schema_version": 0,
          "attributes": {
            "custom_dns_configs": [],
            "custom_network_interface_name": "",
            "id": "/subscriptions/65684f2a-01e2-443f-8763-39047d2a965b/resourceGroups/SiLLK/providers/Microsoft.Network/privateEndpoints/sillk-mysql",
            "ip_configuration": [],
            "location": "eastus",
            "name": "sillk-mysql",
            "network_interface": [
              {
                "id": "/subscriptions/65684f2a-01e2-443f-8763-39047d2a965b/resourceGroups/SiLLK/providers/Microsoft.Network/networkInterfaces/sillk-mysql.nic.848ab5e3-2f6e-4b05-a157-e17c6afdf876",
                "name": "sillk-mysql.nic.848ab5e3-2f6e-4b05-a157-e17c6afdf876"
              }
            ],
            "private_dns_zone_configs": [
              {
                "id": "/subscriptions/65684f2a-01e2-443f-8763-39047d2a965b/resourceGroups/SiLLK/providers/Microsoft.Network/privateEndpoints/sillk-mysql/privateDnsZoneGroups/private-dns-zone-group/privateDnsZoneConfigs/privatelink.mysql.database.azure.com",
                "name": "privatelink.mysql.database.azure.com",
                "private_dns_zone_id": "/subscriptions/65684f2a-01e2-443f-8763-39047d2a965b/resourceGroups/SiLLK/providers/Microsoft.Network/privateDnsZones/privatelink.mysql.database.azure.com",
                "record_sets": [
                  {
                    "fqdn": "conoco-project2.privatelink.mysql.database.azure.com",
                    "ip_addresses": [
                      "10.0.4.4"
                    ],
                    "name": "conoco-project2",
                    "ttl": 10,
                    "type": "A"
                  }
                ]
              }
            ],
            "private_dns_zone_group": [
              {
                "id": "/subscriptions/65684f2a-01e2-443f-8763-39047d2a965b/resourceGroups/SiLLK/providers/Microsoft.Network/privateEndpoints/sillk-mysql/privateDnsZoneGroups/private-dns-zone-group",
                "name": "private-dns-zone-group",
                "private_dns_zone_ids": [
                  "/subscriptions/65684f2a-01e2-443f-8763-39047d2a965b/resourceGroups/SiLLK/providers/Microsoft.Network/privateDnsZones/privatelink.mysql.database.azure.com"
                ]
              }
            ],
            "private_service_connection": [
              {
                "is_manual_connection": false,
                "name": "sillk-privateserviceconnection",
                "private_connection_resource_alias": "",
                "private_connection_resource_id": "/subscriptions/65684f2a-01e2-443f-8763-39047d2a965b/resourceGroups/database/providers/Microsoft.DBforMySQL/flexibleServers/conoco-project2",
                "private_ip_address": "10.0.4.4",
                "request_message": "",
                "subresource_names": [
                  "mysqlServer"
                ]
              }
            ],
            "resource_group_name": "SiLLK",
            "subnet_id": "/subscriptions/65684f2a-01e2-443f-8763-39047d2a965b/resourceGroups/SiLLK/providers/Microsoft.Network/virtualNetworks/sillk-vnet/subnets/endpoint-subnet",
            "tags": {},
            "timeouts": null
          },
          "sensitive_attributes": [],
          "private": "eyJlMmJmYjczMC1lY2FhLTExZTYtOGY4OC0zNDM2M2JjN2M0YzAiOnsiY3JlYXRlIjozNjAwMDAwMDAwMDAwLCJkZWxldGUiOjM2MDAwMDAwMDAwMDAsInJlYWQiOjMwMDAwMDAwMDAwMCwidXBkYXRlIjozNjAwMDAwMDAwMDAwfX0=",
          "dependencies": [
            "azurerm_private_dns_zone.dbprivend",
            "azurerm_resource_group.SiLLK",
            "azurerm_subnet.endpoint-subnet",
            "azurerm_virtual_network.sillk-vnet",
            "data.azurerm_mysql_flexible_server.database",
            "data.azurerm_resource_group.database"
          ]
        }
      ]
    },
    {
      "mode": "managed",
      "type": "azurerm_private_endpoint",
      "name": "vaultprivend",
      "provider": "provider[\"registry.terraform.io/hashicorp/azurerm\"]",
      "instances": [
        {
          "schema_version": 0,
          "attributes": {
            "custom_dns_configs": [
              {
                "fqdn": "sillk-keyvault.vault.azure.net",
                "ip_addresses": [
                  "10.0.4.5"
                ]
              }
            ],
            "custom_network_interface_name": "",
            "id": "/subscriptions/65684f2a-01e2-443f-8763-39047d2a965b/resourceGroups/SiLLK/providers/Microsoft.Network/privateEndpoints/sillk-kvault",
            "ip_configuration": [],
            "location": "eastus",
            "name": "sillk-kvault",
            "network_interface": [
              {
                "id": "/subscriptions/65684f2a-01e2-443f-8763-39047d2a965b/resourceGroups/SiLLK/providers/Microsoft.Network/networkInterfaces/sillk-kvault.nic.3f889ce2-3e15-4bc9-9c70-6bacf2fc6480",
                "name": "sillk-kvault.nic.3f889ce2-3e15-4bc9-9c70-6bacf2fc6480"
              }
            ],
            "private_dns_zone_configs": [
              {
                "id": "/subscriptions/65684f2a-01e2-443f-8763-39047d2a965b/resourceGroups/SiLLK/providers/Microsoft.Network/privateEndpoints/sillk-kvault/privateDnsZoneGroups/sillk-dns-zone-group/privateDnsZoneConfigs/privatelink.key.vault.windows.net",
                "name": "privatelink.key.vault.windows.net",
                "private_dns_zone_id": "/subscriptions/65684f2a-01e2-443f-8763-39047d2a965b/resourceGroups/SiLLK/providers/Microsoft.Network/privateDnsZones/privatelink.key.vault.windows.net",
                "record_sets": []
              }
            ],
            "private_dns_zone_group": [
              {
                "id": "/subscriptions/65684f2a-01e2-443f-8763-39047d2a965b/resourceGroups/SiLLK/providers/Microsoft.Network/privateEndpoints/sillk-kvault/privateDnsZoneGroups/sillk-dns-zone-group",
                "name": "sillk-dns-zone-group",
                "private_dns_zone_ids": [
                  "/subscriptions/65684f2a-01e2-443f-8763-39047d2a965b/resourceGroups/SiLLK/providers/Microsoft.Network/privateDnsZones/privatelink.key.vault.windows.net"
                ]
              }
            ],
            "private_service_connection": [
              {
                "is_manual_connection": false,
                "name": "sillk-privateserviceconnection",
                "private_connection_resource_alias": "",
                "private_connection_resource_id": "/subscriptions/65684f2a-01e2-443f-8763-39047d2a965b/resourceGroups/SiLLK/providers/Microsoft.KeyVault/vaults/sillk-keyvault",
                "private_ip_address": "10.0.4.5",
                "request_message": "",
                "subresource_names": [
                  "vault"
                ]
              }
            ],
            "resource_group_name": "SiLLK",
            "subnet_id": "/subscriptions/65684f2a-01e2-443f-8763-39047d2a965b/resourceGroups/SiLLK/providers/Microsoft.Network/virtualNetworks/sillk-vnet/subnets/endpoint-subnet",
            "tags": {},
            "timeouts": null
          },
          "sensitive_attributes": [],
          "private": "eyJlMmJmYjczMC1lY2FhLTExZTYtOGY4OC0zNDM2M2JjN2M0YzAiOnsiY3JlYXRlIjozNjAwMDAwMDAwMDAwLCJkZWxldGUiOjM2MDAwMDAwMDAwMDAsInJlYWQiOjMwMDAwMDAwMDAwMCwidXBkYXRlIjozNjAwMDAwMDAwMDAwfX0=",
          "dependencies": [
            "azurerm_key_vault.sillkkv",
            "azurerm_private_dns_zone.vaultprivend",
            "azurerm_resource_group.SiLLK",
            "azurerm_subnet.endpoint-subnet",
            "azurerm_virtual_network.sillk-vnet",
            "data.azurerm_client_config.current"
          ]
        }
      ]
    },
    {
      "mode": "managed",
      "type": "azurerm_public_ip",
      "name": "publicIP",
      "provider": "provider[\"registry.terraform.io/hashicorp/azurerm\"]",
      "instances": [
        {
          "schema_version": 0,
          "attributes": {
            "allocation_method": "Static",
            "ddos_protection_mode": "VirtualNetworkInherited",
            "ddos_protection_plan_id": null,
            "domain_name_label": null,
            "edge_zone": "",
            "fqdn": null,
            "id": "/subscriptions/65684f2a-01e2-443f-8763-39047d2a965b/resourceGroups/SiLLK/providers/Microsoft.Network/publicIPAddresses/sillk-pip",
            "idle_timeout_in_minutes": 4,
            "ip_address": "20.102.83.43",
            "ip_tags": {},
            "ip_version": "IPv4",
            "location": "eastus",
            "name": "sillk-pip",
            "public_ip_prefix_id": null,
            "resource_group_name": "SiLLK",
            "reverse_fqdn": null,
            "sku": "Standard",
            "sku_tier": "Regional",
            "tags": {},
            "timeouts": null,
            "zones": []
          },
          "sensitive_attributes": [],
          "private": "eyJlMmJmYjczMC1lY2FhLTExZTYtOGY4OC0zNDM2M2JjN2M0YzAiOnsiY3JlYXRlIjoxODAwMDAwMDAwMDAwLCJkZWxldGUiOjE4MDAwMDAwMDAwMDAsInJlYWQiOjMwMDAwMDAwMDAwMCwidXBkYXRlIjoxODAwMDAwMDAwMDAwfX0=",
          "dependencies": [
            "azurerm_resource_group.SiLLK"
          ]
        }
      ]
    },
    {
      "mode": "managed",
      "type": "azurerm_redis_cache",
      "name": "cache",
      "provider": "provider[\"registry.terraform.io/hashicorp/azurerm\"]",
      "instances": [
        {
          "schema_version": 1,
          "attributes": {
            "capacity": 0,
            "enable_non_ssl_port": false,
            "family": "C",
            "hostname": "sillk-cache.redis.cache.windows.net",
            "id": "/subscriptions/65684f2a-01e2-443f-8763-39047d2a965b/resourceGroups/SiLLK/providers/Microsoft.Cache/redis/sillk-cache",
            "identity": [],
            "location": "eastus",
            "minimum_tls_version": "1.2",
            "name": "sillk-cache",
            "patch_schedule": [],
            "port": 6379,
            "primary_access_key": "h1qIIMjWs9g2mMh3IaG9AZoNdJb1TYq0KAzCaF8OBxk=",
            "primary_connection_string": "sillk-cache.redis.cache.windows.net:6380,password=h1qIIMjWs9g2mMh3IaG9AZoNdJb1TYq0KAzCaF8OBxk=,ssl=true,abortConnect=False",
            "private_static_ip_address": "",
            "public_network_access_enabled": true,
            "redis_configuration": [
              {
                "aof_backup_enabled": false,
                "aof_storage_connection_string_0": "",
                "aof_storage_connection_string_1": "",
                "enable_authentication": true,
                "maxclients": 256,
                "maxfragmentationmemory_reserved": 30,
                "maxmemory_delta": 30,
                "maxmemory_policy": "volatile-lru",
                "maxmemory_reserved": 30,
                "notify_keyspace_events": "",
                "rdb_backup_enabled": false,
                "rdb_backup_frequency": 0,
                "rdb_backup_max_snapshot_count": 0,
                "rdb_storage_connection_string": ""
              }
            ],
            "redis_version": "6.0",
            "replicas_per_master": 0,
            "replicas_per_primary": 0,
            "resource_group_name": "SiLLK",
            "secondary_access_key": "lwDCbU7OExagcDvsBRhLpO1DDiWzP9Jd4AzCaMsR0LA=",
            "secondary_connection_string": "sillk-cache.redis.cache.windows.net:6380,password=lwDCbU7OExagcDvsBRhLpO1DDiWzP9Jd4AzCaMsR0LA=,ssl=true,abortConnect=False",
            "shard_count": 0,
            "sku_name": "Standard",
            "ssl_port": 6380,
            "subnet_id": "",
            "tags": {},
            "tenant_settings": {},
            "timeouts": null,
            "zones": []
          },
          "sensitive_attributes": [],
          "private": "eyJlMmJmYjczMC1lY2FhLTExZTYtOGY4OC0zNDM2M2JjN2M0YzAiOnsiY3JlYXRlIjo1NDAwMDAwMDAwMDAwLCJkZWxldGUiOjU0MDAwMDAwMDAwMDAsInJlYWQiOjMwMDAwMDAwMDAwMCwidXBkYXRlIjo1NDAwMDAwMDAwMDAwfSwic2NoZW1hX3ZlcnNpb24iOiIxIn0=",
          "dependencies": [
            "azurerm_resource_group.SiLLK"
          ]
        }
      ]
    },
    {
      "mode": "managed",
      "type": "azurerm_resource_group",
      "name": "SiLLK",
      "provider": "provider[\"registry.terraform.io/hashicorp/azurerm\"]",
      "instances": [
        {
          "schema_version": 0,
          "attributes": {
            "id": "/subscriptions/65684f2a-01e2-443f-8763-39047d2a965b/resourceGroups/SiLLK",
            "location": "eastus",
            "managed_by": "",
            "name": "SiLLK",
            "tags": {},
            "timeouts": null
          },
          "sensitive_attributes": [],
          "private": "eyJlMmJmYjczMC1lY2FhLTExZTYtOGY4OC0zNDM2M2JjN2M0YzAiOnsiY3JlYXRlIjo1NDAwMDAwMDAwMDAwLCJkZWxldGUiOjU0MDAwMDAwMDAwMDAsInJlYWQiOjMwMDAwMDAwMDAwMCwidXBkYXRlIjo1NDAwMDAwMDAwMDAwfX0="
        }
      ]
    },
    {
      "mode": "managed",
      "type": "azurerm_subnet",
      "name": "endpoint-subnet",
      "provider": "provider[\"registry.terraform.io/hashicorp/azurerm\"]",
      "instances": [
        {
          "schema_version": 0,
          "attributes": {
            "address_prefixes": [
              "10.0.4.0/24"
            ],
            "delegation": [],
            "enforce_private_link_endpoint_network_policies": false,
            "enforce_private_link_service_network_policies": false,
            "id": "/subscriptions/65684f2a-01e2-443f-8763-39047d2a965b/resourceGroups/SiLLK/providers/Microsoft.Network/virtualNetworks/sillk-vnet/subnets/endpoint-subnet",
            "name": "endpoint-subnet",
            "private_endpoint_network_policies_enabled": true,
            "private_link_service_network_policies_enabled": true,
            "resource_group_name": "SiLLK",
            "service_endpoint_policy_ids": [],
            "service_endpoints": [],
            "timeouts": null,
            "virtual_network_name": "sillk-vnet"
          },
          "sensitive_attributes": [],
          "private": "eyJlMmJmYjczMC1lY2FhLTExZTYtOGY4OC0zNDM2M2JjN2M0YzAiOnsiY3JlYXRlIjoxODAwMDAwMDAwMDAwLCJkZWxldGUiOjE4MDAwMDAwMDAwMDAsInJlYWQiOjMwMDAwMDAwMDAwMCwidXBkYXRlIjoxODAwMDAwMDAwMDAwfX0=",
          "dependencies": [
            "azurerm_resource_group.SiLLK",
            "azurerm_virtual_network.sillk-vnet"
          ]
        }
      ]
    },
    {
      "mode": "managed",
      "type": "azurerm_subnet",
      "name": "netapp-subnet",
      "provider": "provider[\"registry.terraform.io/hashicorp/azurerm\"]",
      "instances": [
        {
          "schema_version": 0,
          "attributes": {
            "address_prefixes": [
              "10.0.3.0/24"
            ],
            "delegation": [],
            "enforce_private_link_endpoint_network_policies": false,
            "enforce_private_link_service_network_policies": false,
            "id": "/subscriptions/65684f2a-01e2-443f-8763-39047d2a965b/resourceGroups/SiLLK/providers/Microsoft.Network/virtualNetworks/sillk-vnet/subnets/netapp-subnet",
            "name": "netapp-subnet",
            "private_endpoint_network_policies_enabled": true,
            "private_link_service_network_policies_enabled": true,
            "resource_group_name": "SiLLK",
            "service_endpoint_policy_ids": [],
            "service_endpoints": [],
            "timeouts": null,
            "virtual_network_name": "sillk-vnet"
          },
          "sensitive_attributes": [],
          "private": "eyJlMmJmYjczMC1lY2FhLTExZTYtOGY4OC0zNDM2M2JjN2M0YzAiOnsiY3JlYXRlIjoxODAwMDAwMDAwMDAwLCJkZWxldGUiOjE4MDAwMDAwMDAwMDAsInJlYWQiOjMwMDAwMDAwMDAwMCwidXBkYXRlIjoxODAwMDAwMDAwMDAwfX0=",
          "dependencies": [
            "azurerm_resource_group.SiLLK",
            "azurerm_virtual_network.sillk-vnet"
          ]
        }
      ]
    },
    {
      "mode": "managed",
      "type": "azurerm_subnet",
      "name": "vm-subnet",
      "provider": "provider[\"registry.terraform.io/hashicorp/azurerm\"]",
      "instances": [
        {
          "schema_version": 0,
          "attributes": {
            "address_prefixes": [
              "10.0.2.0/24"
            ],
            "delegation": [],
            "enforce_private_link_endpoint_network_policies": false,
            "enforce_private_link_service_network_policies": false,
            "id": "/subscriptions/65684f2a-01e2-443f-8763-39047d2a965b/resourceGroups/SiLLK/providers/Microsoft.Network/virtualNetworks/sillk-vnet/subnets/vm-subnet",
            "name": "vm-subnet",
            "private_endpoint_network_policies_enabled": true,
            "private_link_service_network_policies_enabled": true,
            "resource_group_name": "SiLLK",
            "service_endpoint_policy_ids": [],
            "service_endpoints": [],
            "timeouts": null,
            "virtual_network_name": "sillk-vnet"
          },
          "sensitive_attributes": [],
          "private": "eyJlMmJmYjczMC1lY2FhLTExZTYtOGY4OC0zNDM2M2JjN2M0YzAiOnsiY3JlYXRlIjoxODAwMDAwMDAwMDAwLCJkZWxldGUiOjE4MDAwMDAwMDAwMDAsInJlYWQiOjMwMDAwMDAwMDAwMCwidXBkYXRlIjoxODAwMDAwMDAwMDAwfX0=",
          "dependencies": [
            "azurerm_resource_group.SiLLK",
            "azurerm_virtual_network.sillk-vnet"
          ]
        }
      ]
    },
    {
      "mode": "managed",
      "type": "azurerm_subnet_network_security_group_association",
      "name": "endpoint-sga",
      "provider": "provider[\"registry.terraform.io/hashicorp/azurerm\"]",
      "instances": [
        {
          "schema_version": 0,
          "attributes": {
            "id": "/subscriptions/65684f2a-01e2-443f-8763-39047d2a965b/resourceGroups/SiLLK/providers/Microsoft.Network/virtualNetworks/sillk-vnet/subnets/endpoint-subnet",
            "network_security_group_id": "/subscriptions/65684f2a-01e2-443f-8763-39047d2a965b/resourceGroups/SiLLK/providers/Microsoft.Network/networkSecurityGroups/sillkepnsg",
            "subnet_id": "/subscriptions/65684f2a-01e2-443f-8763-39047d2a965b/resourceGroups/SiLLK/providers/Microsoft.Network/virtualNetworks/sillk-vnet/subnets/endpoint-subnet",
            "timeouts": null
          },
          "sensitive_attributes": [],
          "private": "eyJlMmJmYjczMC1lY2FhLTExZTYtOGY4OC0zNDM2M2JjN2M0YzAiOnsiY3JlYXRlIjoxODAwMDAwMDAwMDAwLCJkZWxldGUiOjE4MDAwMDAwMDAwMDAsInJlYWQiOjMwMDAwMDAwMDAwMCwidXBkYXRlIjoxODAwMDAwMDAwMDAwfX0=",
          "dependencies": [
            "azurerm_network_security_group.endpoint-nsg",
            "azurerm_resource_group.SiLLK",
            "azurerm_subnet.endpoint-subnet",
            "azurerm_virtual_network.sillk-vnet"
          ]
        }
      ]
    },
    {
      "mode": "managed",
      "type": "azurerm_subnet_network_security_group_association",
      "name": "vm-sga",
      "provider": "provider[\"registry.terraform.io/hashicorp/azurerm\"]",
      "instances": [
        {
          "schema_version": 0,
          "attributes": {
            "id": "/subscriptions/65684f2a-01e2-443f-8763-39047d2a965b/resourceGroups/SiLLK/providers/Microsoft.Network/virtualNetworks/sillk-vnet/subnets/vm-subnet",
            "network_security_group_id": "/subscriptions/65684f2a-01e2-443f-8763-39047d2a965b/resourceGroups/SiLLK/providers/Microsoft.Network/networkSecurityGroups/sillkvmnsg",
            "subnet_id": "/subscriptions/65684f2a-01e2-443f-8763-39047d2a965b/resourceGroups/SiLLK/providers/Microsoft.Network/virtualNetworks/sillk-vnet/subnets/vm-subnet",
            "timeouts": null
          },
          "sensitive_attributes": [],
          "private": "eyJlMmJmYjczMC1lY2FhLTExZTYtOGY4OC0zNDM2M2JjN2M0YzAiOnsiY3JlYXRlIjoxODAwMDAwMDAwMDAwLCJkZWxldGUiOjE4MDAwMDAwMDAwMDAsInJlYWQiOjMwMDAwMDAwMDAwMCwidXBkYXRlIjoxODAwMDAwMDAwMDAwfX0=",
          "dependencies": [
            "azurerm_network_security_group.vm-nsg",
            "azurerm_resource_group.SiLLK",
            "azurerm_subnet.vm-subnet",
            "azurerm_virtual_network.sillk-vnet"
          ]
        }
      ]
    },
    {
      "mode": "managed",
      "type": "azurerm_virtual_network",
      "name": "sillk-vnet",
      "provider": "provider[\"registry.terraform.io/hashicorp/azurerm\"]",
      "instances": [
        {
          "schema_version": 0,
          "attributes": {
            "address_space": [
              "10.0.0.0/16"
            ],
            "bgp_community": "",
            "ddos_protection_plan": [],
            "dns_servers": [],
            "edge_zone": "",
            "encryption": [],
            "flow_timeout_in_minutes": 0,
            "guid": "695f1de6-5fe1-4b8f-a294-296f7020c86b",
            "id": "/subscriptions/65684f2a-01e2-443f-8763-39047d2a965b/resourceGroups/SiLLK/providers/Microsoft.Network/virtualNetworks/sillk-vnet",
            "location": "eastus",
            "name": "sillk-vnet",
            "resource_group_name": "SiLLK",
            "subnet": [
              {
                "address_prefix": "10.0.2.0/24",
                "id": "/subscriptions/65684f2a-01e2-443f-8763-39047d2a965b/resourceGroups/SiLLK/providers/Microsoft.Network/virtualNetworks/sillk-vnet/subnets/vm-subnet",
                "name": "vm-subnet",
                "security_group": "/subscriptions/65684f2a-01e2-443f-8763-39047d2a965b/resourceGroups/SiLLK/providers/Microsoft.Network/networkSecurityGroups/sillkvmnsg"
              },
              {
                "address_prefix": "10.0.3.0/24",
                "id": "/subscriptions/65684f2a-01e2-443f-8763-39047d2a965b/resourceGroups/SiLLK/providers/Microsoft.Network/virtualNetworks/sillk-vnet/subnets/netapp-subnet",
                "name": "netapp-subnet",
                "security_group": ""
              },
              {
                "address_prefix": "10.0.4.0/24",
                "id": "/subscriptions/65684f2a-01e2-443f-8763-39047d2a965b/resourceGroups/SiLLK/providers/Microsoft.Network/virtualNetworks/sillk-vnet/subnets/endpoint-subnet",
                "name": "endpoint-subnet",
                "security_group": "/subscriptions/65684f2a-01e2-443f-8763-39047d2a965b/resourceGroups/SiLLK/providers/Microsoft.Network/networkSecurityGroups/sillkepnsg"
              }
            ],
            "tags": {},
            "timeouts": null
          },
          "sensitive_attributes": [],
          "private": "eyJlMmJmYjczMC1lY2FhLTExZTYtOGY4OC0zNDM2M2JjN2M0YzAiOnsiY3JlYXRlIjoxODAwMDAwMDAwMDAwLCJkZWxldGUiOjE4MDAwMDAwMDAwMDAsInJlYWQiOjMwMDAwMDAwMDAwMCwidXBkYXRlIjoxODAwMDAwMDAwMDAwfX0=",
          "dependencies": [
            "azurerm_resource_group.SiLLK"
          ]
        }
      ]
    }
  ],
  "check_results": null
}
